
Microsoft Visual Studio Solution File, Format Version 12.00
# Visual Studio Version 17
VisualStudioVersion = 17.3.32929.385
MinimumVisualStudioVersion = 10.0.40219.1
Project("{9A19103F-16F7-4668-BE54-9A1E7A4F7556}") = "Task 1", "Task 1\Task 1.csproj", "{A79E56DE-ADA2-42EB-93EC-FC65C4D08F1E}"
EndProject
Project("{9A19103F-16F7-4668-BE54-9A1E7A4F7556}") = "Task 2", "Task 2\Task 2.csproj", "{3AE3C977-64FD-408E-B683-83F3B551D6BD}"
EndProject
Project("{FAE04EC0-301F-11D3-BF4B-00C04F79EFBC}") = "Task 3, 4", "Task 3, 4\Task 3, 4.csproj", "{C748B6C4-6AB5-4196-A404-93C8A8D29C99}"
EndProject
Global
	GlobalSection(SolutionConfigurationPlatforms) = preSolution
		Debug|Any CPU = Debug|Any CPU
		Release|Any CPU = Release|Any CPU
	EndGlobalSection
	GlobalSection(ProjectConfigurationPlatforms) = postSolution
		{A79E56DE-ADA2-42EB-93EC-FC65C4D08F1E}.Debug|Any CPU.ActiveCfg = Debug|Any CPU
		{A79E56DE-ADA2-42EB-93EC-FC65C4D08F1E}.Debug|Any CPU.Build.0 = Debug|Any CPU
		{A79E56DE-ADA2-42EB-93EC-FC65C4D08F1E}.Release|Any CPU.ActiveCfg = Release|Any CPU
		{A79E56DE-ADA2-42EB-93EC-FC65C4D08F1E}.Release|Any CPU.Build.0 = Release|Any CPU
		{3AE3C977-64FD-408E-B683-83F3B551D6BD}.Debug|Any CPU.ActiveCfg = Debug|Any CPU
		{3AE3C977-64FD-408E-B683-83F3B551D6BD}.Debug|Any CPU.Build.0 = Debug|Any CPU
		{3AE3C977-64FD-408E-B683-83F3B551D6BD}.Release|Any CPU.ActiveCfg = Release|Any CPU
		{3AE3C977-64FD-408E-B683-83F3B551D6BD}.Release|Any CPU.Build.0 = Release|Any CPU
		{C748B6C4-6AB5-4196-A404-93C8A8D29C99}.Debug|Any CPU.ActiveCfg = Debug|Any CPU
		{C748B6C4-6AB5-4196-A404-93C8A8D29C99}.Debug|Any CPU.Build.0 = Debug|Any CPU
		{C748B6C4-6AB5-4196-A404-93C8A8D29C99}.Release|Any CPU.ActiveCfg = Release|Any CPU
		{C748B6C4-6AB5-4196-A404-93C8A8D29C99}.Release|Any CPU.Build.0 = Release|Any CPU
	EndGlobalSection
	GlobalSection(SolutionProperties) = preSolution
		HideSolutionNode = FALSE
	EndGlobalSection
	GlobalSection(ExtensibilityGlobals) = postSolution
		SolutionGuid = {599B5B39-52B8-49B6-8BDA-9C290FF9D02A}
	EndGlobalSection
EndGlobal
